
Microsoft Visual Studio Solution File, Format Version 12.00
# Visual Studio Version 17
VisualStudioVersion = 17.9.34728.123
MinimumVisualStudioVersion = 10.0.40219.1
Project("{9A19103F-16F7-4668-BE54-9A1E7A4F7556}") = "WzimTrainingClub", "WzimTrainingClub\WzimTrainingClub.csproj", "{A6DD474A-FC98-48C0-952E-D59E2A98C800}"
EndProject
Global
	GlobalSection(SolutionConfigurationPlatforms) = preSolution
		Debug|Any CPU = Debug|Any CPU
		Release|Any CPU = Release|Any CPU
	EndGlobalSection
	GlobalSection(ProjectConfigurationPlatforms) = postSolution
		{A6DD474A-FC98-48C0-952E-D59E2A98C800}.Debug|Any CPU.ActiveCfg = Debug|Any CPU
		{A6DD474A-FC98-48C0-952E-D59E2A98C800}.Debug|Any CPU.Build.0 = Debug|Any CPU
		{A6DD474A-FC98-48C0-952E-D59E2A98C800}.Release|Any CPU.ActiveCfg = Release|Any CPU
		{A6DD474A-FC98-48C0-952E-D59E2A98C800}.Release|Any CPU.Build.0 = Release|Any CPU
	EndGlobalSection
	GlobalSection(SolutionProperties) = preSolution
		HideSolutionNode = FALSE
	EndGlobalSection
	GlobalSection(ExtensibilityGlobals) = postSolution
		SolutionGuid = {6C8E1CCC-1002-4E12-AE05-C4BFB599F22F}
	EndGlobalSection
EndGlobal
